
Microsoft Visual Studio Solution File, Format Version 12.00
# Visual Studio Version 17
VisualStudioVersion = 17.2.32210.308
MinimumVisualStudioVersion = 10.0.40219.1
Project("{9A19103F-16F7-4668-BE54-9A1E7A4F7556}") = "LibHISP", "LibHISP\LibHISP.csproj", "{C48CBD82-AB30-494A-8FFA-4DE7069B5827}"
EndProject
Project("{9A19103F-16F7-4668-BE54-9A1E7A4F7556}") = "HISPd", "HISPd\HISPd.csproj", "{DEAD5CB0-C6B6-4B63-B1FB-A9F649CA1D27}"
EndProject
Project("{9A19103F-16F7-4668-BE54-9A1E7A4F7556}") = "MPN00BS", "MPN00BS\MPN00BS.csproj", "{72EF95FC-03DB-4E61-A696-E0095DD42A4E}"
EndProject
Project("{9A19103F-16F7-4668-BE54-9A1E7A4F7556}") = "HISPtests", "HISPtests\HISPtests.csproj", "{689FB972-1612-440E-817D-BE290F655AA8}"
EndProject
Global
	GlobalSection(SolutionConfigurationPlatforms) = preSolution
		Android|ARM = Android|ARM
		Android|ARM64 = Android|ARM64
		Android|x64 = Android|x64
		Android|x86 = Android|x86
		Debug|ARM = Debug|ARM
		Debug|ARM64 = Debug|ARM64
		Debug|x64 = Debug|x64
		Debug|x86 = Debug|x86
		iOS|ARM = iOS|ARM
		iOS|ARM64 = iOS|ARM64
		iOS|x64 = iOS|x64
		iOS|x86 = iOS|x86
		Linux|ARM = Linux|ARM
		Linux|ARM64 = Linux|ARM64
		Linux|x64 = Linux|x64
		Linux|x86 = Linux|x86
		MacOS|ARM = MacOS|ARM
		MacOS|ARM64 = MacOS|ARM64
		MacOS|x64 = MacOS|x64
		MacOS|x86 = MacOS|x86
		Windows|ARM = Windows|ARM
		Windows|ARM64 = Windows|ARM64
		Windows|x64 = Windows|x64
		Windows|x86 = Windows|x86
	EndGlobalSection
	GlobalSection(ProjectConfigurationPlatforms) = postSolution
		{C48CBD82-AB30-494A-8FFA-4DE7069B5827}.Android|ARM.ActiveCfg = Android|ARM
		{C48CBD82-AB30-494A-8FFA-4DE7069B5827}.Android|ARM.Build.0 = Android|ARM
		{C48CBD82-AB30-494A-8FFA-4DE7069B5827}.Android|ARM64.ActiveCfg = Android|ARM64
		{C48CBD82-AB30-494A-8FFA-4DE7069B5827}.Android|ARM64.Build.0 = Android|ARM64
		{C48CBD82-AB30-494A-8FFA-4DE7069B5827}.Android|x64.ActiveCfg = Android|x64
		{C48CBD82-AB30-494A-8FFA-4DE7069B5827}.Android|x64.Build.0 = Android|x64
		{C48CBD82-AB30-494A-8FFA-4DE7069B5827}.Android|x86.ActiveCfg = Android|x86
		{C48CBD82-AB30-494A-8FFA-4DE7069B5827}.Android|x86.Build.0 = Android|x86
		{C48CBD82-AB30-494A-8FFA-4DE7069B5827}.Debug|ARM.ActiveCfg = Debug|ARM
		{C48CBD82-AB30-494A-8FFA-4DE7069B5827}.Debug|ARM.Build.0 = Debug|ARM
		{C48CBD82-AB30-494A-8FFA-4DE7069B5827}.Debug|ARM64.ActiveCfg = Debug|ARM64
		{C48CBD82-AB30-494A-8FFA-4DE7069B5827}.Debug|ARM64.Build.0 = Debug|ARM64
		{C48CBD82-AB30-494A-8FFA-4DE7069B5827}.Debug|x64.ActiveCfg = Debug|x64
		{C48CBD82-AB30-494A-8FFA-4DE7069B5827}.Debug|x64.Build.0 = Debug|x64
		{C48CBD82-AB30-494A-8FFA-4DE7069B5827}.Debug|x86.ActiveCfg = Debug|x86
		{C48CBD82-AB30-494A-8FFA-4DE7069B5827}.Debug|x86.Build.0 = Debug|x86
		{C48CBD82-AB30-494A-8FFA-4DE7069B5827}.iOS|ARM.ActiveCfg = iOS|ARM
		{C48CBD82-AB30-494A-8FFA-4DE7069B5827}.iOS|ARM.Build.0 = iOS|ARM
		{C48CBD82-AB30-494A-8FFA-4DE7069B5827}.iOS|ARM64.ActiveCfg = iOS|ARM64
		{C48CBD82-AB30-494A-8FFA-4DE7069B5827}.iOS|ARM64.Build.0 = iOS|ARM64
		{C48CBD82-AB30-494A-8FFA-4DE7069B5827}.iOS|x64.ActiveCfg = iOS|x64
		{C48CBD82-AB30-494A-8FFA-4DE7069B5827}.iOS|x64.Build.0 = iOS|x64
		{C48CBD82-AB30-494A-8FFA-4DE7069B5827}.iOS|x86.ActiveCfg = iOS|x86
		{C48CBD82-AB30-494A-8FFA-4DE7069B5827}.iOS|x86.Build.0 = iOS|x86
		{C48CBD82-AB30-494A-8FFA-4DE7069B5827}.Linux|ARM.ActiveCfg = Linux|ARM
		{C48CBD82-AB30-494A-8FFA-4DE7069B5827}.Linux|ARM.Build.0 = Linux|ARM
		{C48CBD82-AB30-494A-8FFA-4DE7069B5827}.Linux|ARM64.ActiveCfg = Linux|ARM64
		{C48CBD82-AB30-494A-8FFA-4DE7069B5827}.Linux|ARM64.Build.0 = Linux|ARM64
		{C48CBD82-AB30-494A-8FFA-4DE7069B5827}.Linux|x64.ActiveCfg = Linux|x64
		{C48CBD82-AB30-494A-8FFA-4DE7069B5827}.Linux|x64.Build.0 = Linux|x64
		{C48CBD82-AB30-494A-8FFA-4DE7069B5827}.Linux|x86.ActiveCfg = Linux|x86
		{C48CBD82-AB30-494A-8FFA-4DE7069B5827}.Linux|x86.Build.0 = Linux|x86
		{C48CBD82-AB30-494A-8FFA-4DE7069B5827}.MacOS|ARM.ActiveCfg = MacOS|ARM
		{C48CBD82-AB30-494A-8FFA-4DE7069B5827}.MacOS|ARM.Build.0 = MacOS|ARM
		{C48CBD82-AB30-494A-8FFA-4DE7069B5827}.MacOS|ARM64.ActiveCfg = MacOS|ARM64
		{C48CBD82-AB30-494A-8FFA-4DE7069B5827}.MacOS|ARM64.Build.0 = MacOS|ARM64
		{C48CBD82-AB30-494A-8FFA-4DE7069B5827}.MacOS|x64.ActiveCfg = MacOS|x64
		{C48CBD82-AB30-494A-8FFA-4DE7069B5827}.MacOS|x64.Build.0 = MacOS|x64
		{C48CBD82-AB30-494A-8FFA-4DE7069B5827}.MacOS|x86.ActiveCfg = MacOS|x86
		{C48CBD82-AB30-494A-8FFA-4DE7069B5827}.MacOS|x86.Build.0 = MacOS|x86
		{C48CBD82-AB30-494A-8FFA-4DE7069B5827}.Windows|ARM.ActiveCfg = Windows|ARM
		{C48CBD82-AB30-494A-8FFA-4DE7069B5827}.Windows|ARM.Build.0 = Windows|ARM
		{C48CBD82-AB30-494A-8FFA-4DE7069B5827}.Windows|ARM64.ActiveCfg = Windows|ARM64
		{C48CBD82-AB30-494A-8FFA-4DE7069B5827}.Windows|ARM64.Build.0 = Windows|ARM64
		{C48CBD82-AB30-494A-8FFA-4DE7069B5827}.Windows|x64.ActiveCfg = Windows|x64
		{C48CBD82-AB30-494A-8FFA-4DE7069B5827}.Windows|x64.Build.0 = Windows|x64
		{C48CBD82-AB30-494A-8FFA-4DE7069B5827}.Windows|x86.ActiveCfg = Windows|x86
		{C48CBD82-AB30-494A-8FFA-4DE7069B5827}.Windows|x86.Build.0 = Windows|x86
		{DEAD5CB0-C6B6-4B63-B1FB-A9F649CA1D27}.Android|ARM.ActiveCfg = Android|ARM
		{DEAD5CB0-C6B6-4B63-B1FB-A9F649CA1D27}.Android|ARM.Build.0 = Android|ARM
		{DEAD5CB0-C6B6-4B63-B1FB-A9F649CA1D27}.Android|ARM64.ActiveCfg = Android|ARM64
		{DEAD5CB0-C6B6-4B63-B1FB-A9F649CA1D27}.Android|ARM64.Build.0 = Android|ARM64
		{DEAD5CB0-C6B6-4B63-B1FB-A9F649CA1D27}.Android|x64.ActiveCfg = Android|x64
		{DEAD5CB0-C6B6-4B63-B1FB-A9F649CA1D27}.Android|x64.Build.0 = Android|x64
		{DEAD5CB0-C6B6-4B63-B1FB-A9F649CA1D27}.Android|x86.ActiveCfg = Android|x86
		{DEAD5CB0-C6B6-4B63-B1FB-A9F649CA1D27}.Android|x86.Build.0 = Android|x86
		{DEAD5CB0-C6B6-4B63-B1FB-A9F649CA1D27}.Debug|ARM.ActiveCfg = Debug|ARM
		{DEAD5CB0-C6B6-4B63-B1FB-A9F649CA1D27}.Debug|ARM.Build.0 = Debug|ARM
		{DEAD5CB0-C6B6-4B63-B1FB-A9F649CA1D27}.Debug|ARM64.ActiveCfg = Debug|ARM64
		{DEAD5CB0-C6B6-4B63-B1FB-A9F649CA1D27}.Debug|ARM64.Build.0 = Debug|ARM64
		{DEAD5CB0-C6B6-4B63-B1FB-A9F649CA1D27}.Debug|x64.ActiveCfg = Debug|x64
		{DEAD5CB0-C6B6-4B63-B1FB-A9F649CA1D27}.Debug|x64.Build.0 = Debug|x64
		{DEAD5CB0-C6B6-4B63-B1FB-A9F649CA1D27}.Debug|x86.ActiveCfg = Debug|x86
		{DEAD5CB0-C6B6-4B63-B1FB-A9F649CA1D27}.Debug|x86.Build.0 = Debug|x86
		{DEAD5CB0-C6B6-4B63-B1FB-A9F649CA1D27}.iOS|ARM.ActiveCfg = iOS|ARM
		{DEAD5CB0-C6B6-4B63-B1FB-A9F649CA1D27}.iOS|ARM.Build.0 = iOS|ARM
		{DEAD5CB0-C6B6-4B63-B1FB-A9F649CA1D27}.iOS|ARM64.ActiveCfg = iOS|ARM64
		{DEAD5CB0-C6B6-4B63-B1FB-A9F649CA1D27}.iOS|ARM64.Build.0 = iOS|ARM64
		{DEAD5CB0-C6B6-4B63-B1FB-A9F649CA1D27}.iOS|x64.ActiveCfg = iOS|x64
		{DEAD5CB0-C6B6-4B63-B1FB-A9F649CA1D27}.iOS|x64.Build.0 = iOS|x64
		{DEAD5CB0-C6B6-4B63-B1FB-A9F649CA1D27}.iOS|x86.ActiveCfg = iOS|x86
		{DEAD5CB0-C6B6-4B63-B1FB-A9F649CA1D27}.iOS|x86.Build.0 = iOS|x86
		{DEAD5CB0-C6B6-4B63-B1FB-A9F649CA1D27}.Linux|ARM.ActiveCfg = Linux|ARM
		{DEAD5CB0-C6B6-4B63-B1FB-A9F649CA1D27}.Linux|ARM.Build.0 = Linux|ARM
		{DEAD5CB0-C6B6-4B63-B1FB-A9F649CA1D27}.Linux|ARM64.ActiveCfg = Linux|ARM64
		{DEAD5CB0-C6B6-4B63-B1FB-A9F649CA1D27}.Linux|ARM64.Build.0 = Linux|ARM64
		{DEAD5CB0-C6B6-4B63-B1FB-A9F649CA1D27}.Linux|x64.ActiveCfg = Linux|x64
		{DEAD5CB0-C6B6-4B63-B1FB-A9F649CA1D27}.Linux|x64.Build.0 = Linux|x64
		{DEAD5CB0-C6B6-4B63-B1FB-A9F649CA1D27}.Linux|x86.ActiveCfg = Linux|x86
		{DEAD5CB0-C6B6-4B63-B1FB-A9F649CA1D27}.Linux|x86.Build.0 = Linux|x86
		{DEAD5CB0-C6B6-4B63-B1FB-A9F649CA1D27}.MacOS|ARM.ActiveCfg = MacOS|ARM
		{DEAD5CB0-C6B6-4B63-B1FB-A9F649CA1D27}.MacOS|ARM.Build.0 = MacOS|ARM
		{DEAD5CB0-C6B6-4B63-B1FB-A9F649CA1D27}.MacOS|ARM64.ActiveCfg = MacOS|ARM64
		{DEAD5CB0-C6B6-4B63-B1FB-A9F649CA1D27}.MacOS|ARM64.Build.0 = MacOS|ARM64
		{DEAD5CB0-C6B6-4B63-B1FB-A9F649CA1D27}.MacOS|x64.ActiveCfg = MacOS|x64
		{DEAD5CB0-C6B6-4B63-B1FB-A9F649CA1D27}.MacOS|x64.Build.0 = MacOS|x64
		{DEAD5CB0-C6B6-4B63-B1FB-A9F649CA1D27}.MacOS|x86.ActiveCfg = MacOS|x86
		{DEAD5CB0-C6B6-4B63-B1FB-A9F649CA1D27}.MacOS|x86.Build.0 = MacOS|x86
		{DEAD5CB0-C6B6-4B63-B1FB-A9F649CA1D27}.Windows|ARM.ActiveCfg = Windows|ARM
		{DEAD5CB0-C6B6-4B63-B1FB-A9F649CA1D27}.Windows|ARM.Build.0 = Windows|ARM
		{DEAD5CB0-C6B6-4B63-B1FB-A9F649CA1D27}.Windows|ARM64.ActiveCfg = Windows|ARM64
		{DEAD5CB0-C6B6-4B63-B1FB-A9F649CA1D27}.Windows|ARM64.Build.0 = Windows|ARM64
		{DEAD5CB0-C6B6-4B63-B1FB-A9F649CA1D27}.Windows|x64.ActiveCfg = Windows|x64
		{DEAD5CB0-C6B6-4B63-B1FB-A9F649CA1D27}.Windows|x64.Build.0 = Windows|x64
		{DEAD5CB0-C6B6-4B63-B1FB-A9F649CA1D27}.Windows|x86.ActiveCfg = Windows|x86
		{DEAD5CB0-C6B6-4B63-B1FB-A9F649CA1D27}.Windows|x86.Build.0 = Windows|x86
		{72EF95FC-03DB-4E61-A696-E0095DD42A4E}.Android|ARM.ActiveCfg = Android|ARM
		{72EF95FC-03DB-4E61-A696-E0095DD42A4E}.Android|ARM.Build.0 = Android|ARM
		{72EF95FC-03DB-4E61-A696-E0095DD42A4E}.Android|ARM64.ActiveCfg = Android|ARM64
		{72EF95FC-03DB-4E61-A696-E0095DD42A4E}.Android|ARM64.Build.0 = Android|ARM64
		{72EF95FC-03DB-4E61-A696-E0095DD42A4E}.Android|x64.ActiveCfg = Android|x64
		{72EF95FC-03DB-4E61-A696-E0095DD42A4E}.Android|x64.Build.0 = Android|x64
		{72EF95FC-03DB-4E61-A696-E0095DD42A4E}.Android|x86.ActiveCfg = Android|x86
		{72EF95FC-03DB-4E61-A696-E0095DD42A4E}.Android|x86.Build.0 = Android|x86
		{72EF95FC-03DB-4E61-A696-E0095DD42A4E}.Debug|ARM.ActiveCfg = Debug|ARM
		{72EF95FC-03DB-4E61-A696-E0095DD42A4E}.Debug|ARM.Build.0 = Debug|ARM
		{72EF95FC-03DB-4E61-A696-E0095DD42A4E}.Debug|ARM64.ActiveCfg = Debug|ARM64
		{72EF95FC-03DB-4E61-A696-E0095DD42A4E}.Debug|ARM64.Build.0 = Debug|ARM64
		{72EF95FC-03DB-4E61-A696-E0095DD42A4E}.Debug|x64.ActiveCfg = Debug|x64
		{72EF95FC-03DB-4E61-A696-E0095DD42A4E}.Debug|x64.Build.0 = Debug|x64
		{72EF95FC-03DB-4E61-A696-E0095DD42A4E}.Debug|x86.ActiveCfg = Debug|x86
		{72EF95FC-03DB-4E61-A696-E0095DD42A4E}.Debug|x86.Build.0 = Debug|x86
		{72EF95FC-03DB-4E61-A696-E0095DD42A4E}.iOS|ARM.ActiveCfg = iOS|ARM
		{72EF95FC-03DB-4E61-A696-E0095DD42A4E}.iOS|ARM.Build.0 = iOS|ARM
		{72EF95FC-03DB-4E61-A696-E0095DD42A4E}.iOS|ARM64.ActiveCfg = iOS|ARM64
		{72EF95FC-03DB-4E61-A696-E0095DD42A4E}.iOS|ARM64.Build.0 = iOS|ARM64
		{72EF95FC-03DB-4E61-A696-E0095DD42A4E}.iOS|x64.ActiveCfg = iOS|x64
		{72EF95FC-03DB-4E61-A696-E0095DD42A4E}.iOS|x64.Build.0 = iOS|x64
		{72EF95FC-03DB-4E61-A696-E0095DD42A4E}.iOS|x86.ActiveCfg = iOS|x86
		{72EF95FC-03DB-4E61-A696-E0095DD42A4E}.iOS|x86.Build.0 = iOS|x86
		{72EF95FC-03DB-4E61-A696-E0095DD42A4E}.Linux|ARM.ActiveCfg = Linux|ARM
		{72EF95FC-03DB-4E61-A696-E0095DD42A4E}.Linux|ARM.Build.0 = Linux|ARM
		{72EF95FC-03DB-4E61-A696-E0095DD42A4E}.Linux|ARM64.ActiveCfg = Linux|ARM64
		{72EF95FC-03DB-4E61-A696-E0095DD42A4E}.Linux|ARM64.Build.0 = Linux|ARM64
		{72EF95FC-03DB-4E61-A696-E0095DD42A4E}.Linux|x64.ActiveCfg = Linux|x64
		{72EF95FC-03DB-4E61-A696-E0095DD42A4E}.Linux|x64.Build.0 = Linux|x64
		{72EF95FC-03DB-4E61-A696-E0095DD42A4E}.Linux|x86.ActiveCfg = Linux|x86
		{72EF95FC-03DB-4E61-A696-E0095DD42A4E}.Linux|x86.Build.0 = Linux|x86
		{72EF95FC-03DB-4E61-A696-E0095DD42A4E}.MacOS|ARM.ActiveCfg = MacOS|ARM
		{72EF95FC-03DB-4E61-A696-E0095DD42A4E}.MacOS|ARM.Build.0 = MacOS|ARM
		{72EF95FC-03DB-4E61-A696-E0095DD42A4E}.MacOS|ARM64.ActiveCfg = MacOS|ARM64
		{72EF95FC-03DB-4E61-A696-E0095DD42A4E}.MacOS|ARM64.Build.0 = MacOS|ARM64
		{72EF95FC-03DB-4E61-A696-E0095DD42A4E}.MacOS|x64.ActiveCfg = MacOS|x64
		{72EF95FC-03DB-4E61-A696-E0095DD42A4E}.MacOS|x64.Build.0 = MacOS|x64
		{72EF95FC-03DB-4E61-A696-E0095DD42A4E}.MacOS|x86.ActiveCfg = MacOS|x86
		{72EF95FC-03DB-4E61-A696-E0095DD42A4E}.MacOS|x86.Build.0 = MacOS|x86
		{72EF95FC-03DB-4E61-A696-E0095DD42A4E}.Windows|ARM.ActiveCfg = Windows|ARM
		{72EF95FC-03DB-4E61-A696-E0095DD42A4E}.Windows|ARM.Build.0 = Windows|ARM
		{72EF95FC-03DB-4E61-A696-E0095DD42A4E}.Windows|ARM64.ActiveCfg = Windows|ARM64
		{72EF95FC-03DB-4E61-A696-E0095DD42A4E}.Windows|ARM64.Build.0 = Windows|ARM64
		{72EF95FC-03DB-4E61-A696-E0095DD42A4E}.Windows|x64.ActiveCfg = Windows|x64
		{72EF95FC-03DB-4E61-A696-E0095DD42A4E}.Windows|x64.Build.0 = Windows|x64
		{72EF95FC-03DB-4E61-A696-E0095DD42A4E}.Windows|x86.ActiveCfg = Windows|x86
		{72EF95FC-03DB-4E61-A696-E0095DD42A4E}.Windows|x86.Build.0 = Windows|x86
		{689FB972-1612-440E-817D-BE290F655AA8}.Android|ARM.ActiveCfg = Android|ARM
		{689FB972-1612-440E-817D-BE290F655AA8}.Android|ARM.Build.0 = Android|ARM
		{689FB972-1612-440E-817D-BE290F655AA8}.Android|ARM64.ActiveCfg = Android|ARM64
		{689FB972-1612-440E-817D-BE290F655AA8}.Android|ARM64.Build.0 = Android|ARM64
		{689FB972-1612-440E-817D-BE290F655AA8}.Android|x64.ActiveCfg = Android|x64
		{689FB972-1612-440E-817D-BE290F655AA8}.Android|x64.Build.0 = Android|x64
		{689FB972-1612-440E-817D-BE290F655AA8}.Android|x86.ActiveCfg = Android|x86
		{689FB972-1612-440E-817D-BE290F655AA8}.Android|x86.Build.0 = Android|x86
		{689FB972-1612-440E-817D-BE290F655AA8}.Debug|ARM.ActiveCfg = Debug|ARM
		{689FB972-1612-440E-817D-BE290F655AA8}.Debug|ARM.Build.0 = Debug|ARM
		{689FB972-1612-440E-817D-BE290F655AA8}.Debug|ARM64.ActiveCfg = Debug|ARM64
		{689FB972-1612-440E-817D-BE290F655AA8}.Debug|ARM64.Build.0 = Debug|ARM64
		{689FB972-1612-440E-817D-BE290F655AA8}.Debug|x64.ActiveCfg = Debug|x64
		{689FB972-1612-440E-817D-BE290F655AA8}.Debug|x64.Build.0 = Debug|x64
		{689FB972-1612-440E-817D-BE290F655AA8}.Debug|x86.ActiveCfg = Debug|x86
		{689FB972-1612-440E-817D-BE290F655AA8}.Debug|x86.Build.0 = Debug|x86
		{689FB972-1612-440E-817D-BE290F655AA8}.iOS|ARM.ActiveCfg = iOS|ARM
		{689FB972-1612-440E-817D-BE290F655AA8}.iOS|ARM.Build.0 = iOS|ARM
		{689FB972-1612-440E-817D-BE290F655AA8}.iOS|ARM64.ActiveCfg = iOS|ARM64
		{689FB972-1612-440E-817D-BE290F655AA8}.iOS|ARM64.Build.0 = iOS|ARM64
		{689FB972-1612-440E-817D-BE290F655AA8}.iOS|x64.ActiveCfg = iOS|x64
		{689FB972-1612-440E-817D-BE290F655AA8}.iOS|x64.Build.0 = iOS|x64
		{689FB972-1612-440E-817D-BE290F655AA8}.iOS|x86.ActiveCfg = iOS|x86
		{689FB972-1612-440E-817D-BE290F655AA8}.iOS|x86.Build.0 = iOS|x86
		{689FB972-1612-440E-817D-BE290F655AA8}.Linux|ARM.ActiveCfg = Linux|ARM
		{689FB972-1612-440E-817D-BE290F655AA8}.Linux|ARM.Build.0 = Linux|ARM
		{689FB972-1612-440E-817D-BE290F655AA8}.Linux|ARM64.ActiveCfg = Linux|ARM64
		{689FB972-1612-440E-817D-BE290F655AA8}.Linux|ARM64.Build.0 = Linux|ARM64
		{689FB972-1612-440E-817D-BE290F655AA8}.Linux|x64.ActiveCfg = Linux|x64
		{689FB972-1612-440E-817D-BE290F655AA8}.Linux|x64.Build.0 = Linux|x64
		{689FB972-1612-440E-817D-BE290F655AA8}.Linux|x86.ActiveCfg = Linux|x86
		{689FB972-1612-440E-817D-BE290F655AA8}.Linux|x86.Build.0 = Linux|x86
		{689FB972-1612-440E-817D-BE290F655AA8}.MacOS|ARM.ActiveCfg = MacOS|ARM
		{689FB972-1612-440E-817D-BE290F655AA8}.MacOS|ARM.Build.0 = MacOS|ARM
		{689FB972-1612-440E-817D-BE290F655AA8}.MacOS|ARM64.ActiveCfg = MacOS|ARM64
		{689FB972-1612-440E-817D-BE290F655AA8}.MacOS|ARM64.Build.0 = MacOS|ARM64
		{689FB972-1612-440E-817D-BE290F655AA8}.MacOS|x64.ActiveCfg = MacOS|x64
		{689FB972-1612-440E-817D-BE290F655AA8}.MacOS|x64.Build.0 = MacOS|x64
		{689FB972-1612-440E-817D-BE290F655AA8}.MacOS|x86.ActiveCfg = MacOS|x86
		{689FB972-1612-440E-817D-BE290F655AA8}.MacOS|x86.Build.0 = MacOS|x86
		{689FB972-1612-440E-817D-BE290F655AA8}.Windows|ARM.ActiveCfg = Windows|ARM
		{689FB972-1612-440E-817D-BE290F655AA8}.Windows|ARM.Build.0 = Windows|ARM
		{689FB972-1612-440E-817D-BE290F655AA8}.Windows|ARM64.ActiveCfg = Windows|ARM64
		{689FB972-1612-440E-817D-BE290F655AA8}.Windows|ARM64.Build.0 = Windows|ARM64
		{689FB972-1612-440E-817D-BE290F655AA8}.Windows|x64.ActiveCfg = Windows|x64
		{689FB972-1612-440E-817D-BE290F655AA8}.Windows|x64.Build.0 = Windows|x64
		{689FB972-1612-440E-817D-BE290F655AA8}.Windows|x86.ActiveCfg = Windows|x86
		{689FB972-1612-440E-817D-BE290F655AA8}.Windows|x86.Build.0 = Windows|x86
	EndGlobalSection
	GlobalSection(SolutionProperties) = preSolution
		HideSolutionNode = FALSE
	EndGlobalSection
	GlobalSection(ExtensibilityGlobals) = postSolution
		SolutionGuid = {52075F5B-6A74-493C-BA53-3AD720D643C2}
	EndGlobalSection
EndGlobal
