
Microsoft Visual Studio Solution File, Format Version 12.00
# Visual Studio Version 17
VisualStudioVersion = 17.2.32210.308
MinimumVisualStudioVersion = 10.0.40219.1
Project("{9A19103F-16F7-4668-BE54-9A1E7A4F7556}") = "LibHISP", "LibHISP\LibHISP.csproj", "{C48CBD82-AB30-494A-8FFA-4DE7069B5827}"
EndProject
Project("{9A19103F-16F7-4668-BE54-9A1E7A4F7556}") = "HISP", "HISP\HISP.csproj", "{DEAD5CB0-C6B6-4B63-B1FB-A9F649CA1D27}"
EndProject
Project("{FAE04EC0-301F-11D3-BF4B-00C04F79EFBC}") = "N00BS", "N00BS\N00BS.csproj", "{6B45A1E8-0F54-4BF7-AF48-41B9FE676570}"
EndProject
Global
	GlobalSection(SolutionConfigurationPlatforms) = preSolution
		Debug|Any CPU = Debug|Any CPU
		Debug|ARM = Debug|ARM
		Debug|ARM64 = Debug|ARM64
		Debug|x64 = Debug|x64
		Debug|x86 = Debug|x86
		Linux|Any CPU = Linux|Any CPU
		Linux|ARM = Linux|ARM
		Linux|ARM64 = Linux|ARM64
		Linux|x64 = Linux|x64
		Linux|x86 = Linux|x86
		MacOS|Any CPU = MacOS|Any CPU
		MacOS|ARM = MacOS|ARM
		MacOS|ARM64 = MacOS|ARM64
		MacOS|x64 = MacOS|x64
		MacOS|x86 = MacOS|x86
		Release|Any CPU = Release|Any CPU
		Release|ARM = Release|ARM
		Release|ARM64 = Release|ARM64
		Release|x64 = Release|x64
		Release|x86 = Release|x86
		Windows|Any CPU = Windows|Any CPU
		Windows|ARM = Windows|ARM
		Windows|ARM64 = Windows|ARM64
		Windows|x64 = Windows|x64
		Windows|x86 = Windows|x86
	EndGlobalSection
	GlobalSection(ProjectConfigurationPlatforms) = postSolution
		{C48CBD82-AB30-494A-8FFA-4DE7069B5827}.Debug|Any CPU.ActiveCfg = Debug|AnyCPU
		{C48CBD82-AB30-494A-8FFA-4DE7069B5827}.Debug|Any CPU.Build.0 = Debug|AnyCPU
		{C48CBD82-AB30-494A-8FFA-4DE7069B5827}.Debug|ARM.ActiveCfg = Debug|ARM
		{C48CBD82-AB30-494A-8FFA-4DE7069B5827}.Debug|ARM.Build.0 = Debug|ARM
		{C48CBD82-AB30-494A-8FFA-4DE7069B5827}.Debug|ARM64.ActiveCfg = Debug|ARM64
		{C48CBD82-AB30-494A-8FFA-4DE7069B5827}.Debug|ARM64.Build.0 = Debug|ARM64
		{C48CBD82-AB30-494A-8FFA-4DE7069B5827}.Debug|x64.ActiveCfg = Debug|x64
		{C48CBD82-AB30-494A-8FFA-4DE7069B5827}.Debug|x64.Build.0 = Debug|x64
		{C48CBD82-AB30-494A-8FFA-4DE7069B5827}.Debug|x86.ActiveCfg = Debug|AnyCPU
		{C48CBD82-AB30-494A-8FFA-4DE7069B5827}.Debug|x86.Build.0 = Debug|AnyCPU
		{C48CBD82-AB30-494A-8FFA-4DE7069B5827}.Linux|Any CPU.ActiveCfg = Linux|Any CPU
		{C48CBD82-AB30-494A-8FFA-4DE7069B5827}.Linux|Any CPU.Build.0 = Linux|Any CPU
		{C48CBD82-AB30-494A-8FFA-4DE7069B5827}.Linux|ARM.ActiveCfg = Linux|ARM
		{C48CBD82-AB30-494A-8FFA-4DE7069B5827}.Linux|ARM.Build.0 = Linux|ARM
		{C48CBD82-AB30-494A-8FFA-4DE7069B5827}.Linux|ARM64.ActiveCfg = Linux|ARM64
		{C48CBD82-AB30-494A-8FFA-4DE7069B5827}.Linux|ARM64.Build.0 = Linux|ARM64
		{C48CBD82-AB30-494A-8FFA-4DE7069B5827}.Linux|x64.ActiveCfg = Linux|x64
		{C48CBD82-AB30-494A-8FFA-4DE7069B5827}.Linux|x64.Build.0 = Linux|x64
		{C48CBD82-AB30-494A-8FFA-4DE7069B5827}.Linux|x86.ActiveCfg = Linux|x86
		{C48CBD82-AB30-494A-8FFA-4DE7069B5827}.Linux|x86.Build.0 = Linux|x86
		{C48CBD82-AB30-494A-8FFA-4DE7069B5827}.MacOS|Any CPU.ActiveCfg = MacOS|Any CPU
		{C48CBD82-AB30-494A-8FFA-4DE7069B5827}.MacOS|Any CPU.Build.0 = MacOS|Any CPU
		{C48CBD82-AB30-494A-8FFA-4DE7069B5827}.MacOS|ARM.ActiveCfg = MacOS|ARM
		{C48CBD82-AB30-494A-8FFA-4DE7069B5827}.MacOS|ARM.Build.0 = MacOS|ARM
		{C48CBD82-AB30-494A-8FFA-4DE7069B5827}.MacOS|ARM64.ActiveCfg = MacOS|ARM64
		{C48CBD82-AB30-494A-8FFA-4DE7069B5827}.MacOS|ARM64.Build.0 = MacOS|ARM64
		{C48CBD82-AB30-494A-8FFA-4DE7069B5827}.MacOS|x64.ActiveCfg = MacOS|x64
		{C48CBD82-AB30-494A-8FFA-4DE7069B5827}.MacOS|x64.Build.0 = MacOS|x64
		{C48CBD82-AB30-494A-8FFA-4DE7069B5827}.MacOS|x86.ActiveCfg = MacOS|x86
		{C48CBD82-AB30-494A-8FFA-4DE7069B5827}.MacOS|x86.Build.0 = MacOS|x86
		{C48CBD82-AB30-494A-8FFA-4DE7069B5827}.Release|Any CPU.ActiveCfg = Debug|Any CPU
		{C48CBD82-AB30-494A-8FFA-4DE7069B5827}.Release|Any CPU.Build.0 = Debug|Any CPU
		{C48CBD82-AB30-494A-8FFA-4DE7069B5827}.Release|ARM.ActiveCfg = Windows|ARM
		{C48CBD82-AB30-494A-8FFA-4DE7069B5827}.Release|ARM.Build.0 = Windows|ARM
		{C48CBD82-AB30-494A-8FFA-4DE7069B5827}.Release|ARM64.ActiveCfg = Windows|ARM64
		{C48CBD82-AB30-494A-8FFA-4DE7069B5827}.Release|ARM64.Build.0 = Windows|ARM64
		{C48CBD82-AB30-494A-8FFA-4DE7069B5827}.Release|x64.ActiveCfg = Windows|x64
		{C48CBD82-AB30-494A-8FFA-4DE7069B5827}.Release|x64.Build.0 = Windows|x64
		{C48CBD82-AB30-494A-8FFA-4DE7069B5827}.Release|x86.ActiveCfg = Debug|x86
		{C48CBD82-AB30-494A-8FFA-4DE7069B5827}.Release|x86.Build.0 = Debug|x86
		{C48CBD82-AB30-494A-8FFA-4DE7069B5827}.Windows|Any CPU.ActiveCfg = Windows|Any CPU
		{C48CBD82-AB30-494A-8FFA-4DE7069B5827}.Windows|Any CPU.Build.0 = Windows|Any CPU
		{C48CBD82-AB30-494A-8FFA-4DE7069B5827}.Windows|ARM.ActiveCfg = Windows|ARM
		{C48CBD82-AB30-494A-8FFA-4DE7069B5827}.Windows|ARM.Build.0 = Windows|ARM
		{C48CBD82-AB30-494A-8FFA-4DE7069B5827}.Windows|ARM64.ActiveCfg = Windows|ARM64
		{C48CBD82-AB30-494A-8FFA-4DE7069B5827}.Windows|ARM64.Build.0 = Windows|ARM64
		{C48CBD82-AB30-494A-8FFA-4DE7069B5827}.Windows|x64.ActiveCfg = Windows|x64
		{C48CBD82-AB30-494A-8FFA-4DE7069B5827}.Windows|x64.Build.0 = Windows|x64
		{C48CBD82-AB30-494A-8FFA-4DE7069B5827}.Windows|x86.ActiveCfg = Windows|x86
		{C48CBD82-AB30-494A-8FFA-4DE7069B5827}.Windows|x86.Build.0 = Windows|x86
		{DEAD5CB0-C6B6-4B63-B1FB-A9F649CA1D27}.Debug|Any CPU.ActiveCfg = Debug|Any CPU
		{DEAD5CB0-C6B6-4B63-B1FB-A9F649CA1D27}.Debug|Any CPU.Build.0 = Debug|Any CPU
		{DEAD5CB0-C6B6-4B63-B1FB-A9F649CA1D27}.Debug|ARM.ActiveCfg = Debug|Any CPU
		{DEAD5CB0-C6B6-4B63-B1FB-A9F649CA1D27}.Debug|ARM.Build.0 = Debug|Any CPU
		{DEAD5CB0-C6B6-4B63-B1FB-A9F649CA1D27}.Debug|ARM64.ActiveCfg = Debug|Any CPU
		{DEAD5CB0-C6B6-4B63-B1FB-A9F649CA1D27}.Debug|ARM64.Build.0 = Debug|Any CPU
		{DEAD5CB0-C6B6-4B63-B1FB-A9F649CA1D27}.Debug|x64.ActiveCfg = Debug|Any CPU
		{DEAD5CB0-C6B6-4B63-B1FB-A9F649CA1D27}.Debug|x64.Build.0 = Debug|Any CPU
		{DEAD5CB0-C6B6-4B63-B1FB-A9F649CA1D27}.Debug|x86.ActiveCfg = Debug|Any CPU
		{DEAD5CB0-C6B6-4B63-B1FB-A9F649CA1D27}.Debug|x86.Build.0 = Debug|Any CPU
		{DEAD5CB0-C6B6-4B63-B1FB-A9F649CA1D27}.Linux|Any CPU.ActiveCfg = Debug|Any CPU
		{DEAD5CB0-C6B6-4B63-B1FB-A9F649CA1D27}.Linux|Any CPU.Build.0 = Debug|Any CPU
		{DEAD5CB0-C6B6-4B63-B1FB-A9F649CA1D27}.Linux|ARM.ActiveCfg = Debug|Any CPU
		{DEAD5CB0-C6B6-4B63-B1FB-A9F649CA1D27}.Linux|ARM.Build.0 = Debug|Any CPU
		{DEAD5CB0-C6B6-4B63-B1FB-A9F649CA1D27}.Linux|ARM64.ActiveCfg = Debug|Any CPU
		{DEAD5CB0-C6B6-4B63-B1FB-A9F649CA1D27}.Linux|ARM64.Build.0 = Debug|Any CPU
		{DEAD5CB0-C6B6-4B63-B1FB-A9F649CA1D27}.Linux|x64.ActiveCfg = Debug|Any CPU
		{DEAD5CB0-C6B6-4B63-B1FB-A9F649CA1D27}.Linux|x64.Build.0 = Debug|Any CPU
		{DEAD5CB0-C6B6-4B63-B1FB-A9F649CA1D27}.Linux|x86.ActiveCfg = Debug|Any CPU
		{DEAD5CB0-C6B6-4B63-B1FB-A9F649CA1D27}.Linux|x86.Build.0 = Debug|Any CPU
		{DEAD5CB0-C6B6-4B63-B1FB-A9F649CA1D27}.MacOS|Any CPU.ActiveCfg = Debug|Any CPU
		{DEAD5CB0-C6B6-4B63-B1FB-A9F649CA1D27}.MacOS|Any CPU.Build.0 = Debug|Any CPU
		{DEAD5CB0-C6B6-4B63-B1FB-A9F649CA1D27}.MacOS|ARM.ActiveCfg = Debug|Any CPU
		{DEAD5CB0-C6B6-4B63-B1FB-A9F649CA1D27}.MacOS|ARM.Build.0 = Debug|Any CPU
		{DEAD5CB0-C6B6-4B63-B1FB-A9F649CA1D27}.MacOS|ARM64.ActiveCfg = Debug|Any CPU
		{DEAD5CB0-C6B6-4B63-B1FB-A9F649CA1D27}.MacOS|ARM64.Build.0 = Debug|Any CPU
		{DEAD5CB0-C6B6-4B63-B1FB-A9F649CA1D27}.MacOS|x64.ActiveCfg = Debug|Any CPU
		{DEAD5CB0-C6B6-4B63-B1FB-A9F649CA1D27}.MacOS|x64.Build.0 = Debug|Any CPU
		{DEAD5CB0-C6B6-4B63-B1FB-A9F649CA1D27}.MacOS|x86.ActiveCfg = Debug|Any CPU
		{DEAD5CB0-C6B6-4B63-B1FB-A9F649CA1D27}.MacOS|x86.Build.0 = Debug|Any CPU
		{DEAD5CB0-C6B6-4B63-B1FB-A9F649CA1D27}.Release|Any CPU.ActiveCfg = Release|Any CPU
		{DEAD5CB0-C6B6-4B63-B1FB-A9F649CA1D27}.Release|Any CPU.Build.0 = Release|Any CPU
		{DEAD5CB0-C6B6-4B63-B1FB-A9F649CA1D27}.Release|ARM.ActiveCfg = Release|Any CPU
		{DEAD5CB0-C6B6-4B63-B1FB-A9F649CA1D27}.Release|ARM.Build.0 = Release|Any CPU
		{DEAD5CB0-C6B6-4B63-B1FB-A9F649CA1D27}.Release|ARM64.ActiveCfg = Release|Any CPU
		{DEAD5CB0-C6B6-4B63-B1FB-A9F649CA1D27}.Release|ARM64.Build.0 = Release|Any CPU
		{DEAD5CB0-C6B6-4B63-B1FB-A9F649CA1D27}.Release|x64.ActiveCfg = Release|Any CPU
		{DEAD5CB0-C6B6-4B63-B1FB-A9F649CA1D27}.Release|x64.Build.0 = Release|Any CPU
		{DEAD5CB0-C6B6-4B63-B1FB-A9F649CA1D27}.Release|x86.ActiveCfg = Release|Any CPU
		{DEAD5CB0-C6B6-4B63-B1FB-A9F649CA1D27}.Release|x86.Build.0 = Release|Any CPU
		{DEAD5CB0-C6B6-4B63-B1FB-A9F649CA1D27}.Windows|Any CPU.ActiveCfg = Debug|Any CPU
		{DEAD5CB0-C6B6-4B63-B1FB-A9F649CA1D27}.Windows|Any CPU.Build.0 = Debug|Any CPU
		{DEAD5CB0-C6B6-4B63-B1FB-A9F649CA1D27}.Windows|ARM.ActiveCfg = Debug|Any CPU
		{DEAD5CB0-C6B6-4B63-B1FB-A9F649CA1D27}.Windows|ARM.Build.0 = Debug|Any CPU
		{DEAD5CB0-C6B6-4B63-B1FB-A9F649CA1D27}.Windows|ARM64.ActiveCfg = Debug|Any CPU
		{DEAD5CB0-C6B6-4B63-B1FB-A9F649CA1D27}.Windows|ARM64.Build.0 = Debug|Any CPU
		{DEAD5CB0-C6B6-4B63-B1FB-A9F649CA1D27}.Windows|x64.ActiveCfg = Debug|Any CPU
		{DEAD5CB0-C6B6-4B63-B1FB-A9F649CA1D27}.Windows|x64.Build.0 = Debug|Any CPU
		{DEAD5CB0-C6B6-4B63-B1FB-A9F649CA1D27}.Windows|x86.ActiveCfg = Debug|Any CPU
		{DEAD5CB0-C6B6-4B63-B1FB-A9F649CA1D27}.Windows|x86.Build.0 = Debug|Any CPU
		{6B45A1E8-0F54-4BF7-AF48-41B9FE676570}.Debug|Any CPU.ActiveCfg = Debug|Any CPU
		{6B45A1E8-0F54-4BF7-AF48-41B9FE676570}.Debug|Any CPU.Build.0 = Debug|Any CPU
		{6B45A1E8-0F54-4BF7-AF48-41B9FE676570}.Debug|ARM.ActiveCfg = Debug|Any CPU
		{6B45A1E8-0F54-4BF7-AF48-41B9FE676570}.Debug|ARM.Build.0 = Debug|Any CPU
		{6B45A1E8-0F54-4BF7-AF48-41B9FE676570}.Debug|ARM64.ActiveCfg = Debug|Any CPU
		{6B45A1E8-0F54-4BF7-AF48-41B9FE676570}.Debug|ARM64.Build.0 = Debug|Any CPU
		{6B45A1E8-0F54-4BF7-AF48-41B9FE676570}.Debug|x64.ActiveCfg = Debug|Any CPU
		{6B45A1E8-0F54-4BF7-AF48-41B9FE676570}.Debug|x64.Build.0 = Debug|Any CPU
		{6B45A1E8-0F54-4BF7-AF48-41B9FE676570}.Debug|x86.ActiveCfg = Debug|Any CPU
		{6B45A1E8-0F54-4BF7-AF48-41B9FE676570}.Debug|x86.Build.0 = Debug|Any CPU
		{6B45A1E8-0F54-4BF7-AF48-41B9FE676570}.Linux|Any CPU.ActiveCfg = Debug|Any CPU
		{6B45A1E8-0F54-4BF7-AF48-41B9FE676570}.Linux|Any CPU.Build.0 = Debug|Any CPU
		{6B45A1E8-0F54-4BF7-AF48-41B9FE676570}.Linux|ARM.ActiveCfg = Debug|Any CPU
		{6B45A1E8-0F54-4BF7-AF48-41B9FE676570}.Linux|ARM.Build.0 = Debug|Any CPU
		{6B45A1E8-0F54-4BF7-AF48-41B9FE676570}.Linux|ARM64.ActiveCfg = Debug|Any CPU
		{6B45A1E8-0F54-4BF7-AF48-41B9FE676570}.Linux|ARM64.Build.0 = Debug|Any CPU
		{6B45A1E8-0F54-4BF7-AF48-41B9FE676570}.Linux|x64.ActiveCfg = Debug|Any CPU
		{6B45A1E8-0F54-4BF7-AF48-41B9FE676570}.Linux|x64.Build.0 = Debug|Any CPU
		{6B45A1E8-0F54-4BF7-AF48-41B9FE676570}.Linux|x86.ActiveCfg = Debug|Any CPU
		{6B45A1E8-0F54-4BF7-AF48-41B9FE676570}.Linux|x86.Build.0 = Debug|Any CPU
		{6B45A1E8-0F54-4BF7-AF48-41B9FE676570}.MacOS|Any CPU.ActiveCfg = Debug|Any CPU
		{6B45A1E8-0F54-4BF7-AF48-41B9FE676570}.MacOS|Any CPU.Build.0 = Debug|Any CPU
		{6B45A1E8-0F54-4BF7-AF48-41B9FE676570}.MacOS|ARM.ActiveCfg = Debug|Any CPU
		{6B45A1E8-0F54-4BF7-AF48-41B9FE676570}.MacOS|ARM.Build.0 = Debug|Any CPU
		{6B45A1E8-0F54-4BF7-AF48-41B9FE676570}.MacOS|ARM64.ActiveCfg = Debug|Any CPU
		{6B45A1E8-0F54-4BF7-AF48-41B9FE676570}.MacOS|ARM64.Build.0 = Debug|Any CPU
		{6B45A1E8-0F54-4BF7-AF48-41B9FE676570}.MacOS|x64.ActiveCfg = Debug|Any CPU
		{6B45A1E8-0F54-4BF7-AF48-41B9FE676570}.MacOS|x64.Build.0 = Debug|Any CPU
		{6B45A1E8-0F54-4BF7-AF48-41B9FE676570}.MacOS|x86.ActiveCfg = Debug|Any CPU
		{6B45A1E8-0F54-4BF7-AF48-41B9FE676570}.MacOS|x86.Build.0 = Debug|Any CPU
		{6B45A1E8-0F54-4BF7-AF48-41B9FE676570}.Release|Any CPU.ActiveCfg = Release|Any CPU
		{6B45A1E8-0F54-4BF7-AF48-41B9FE676570}.Release|Any CPU.Build.0 = Release|Any CPU
		{6B45A1E8-0F54-4BF7-AF48-41B9FE676570}.Release|ARM.ActiveCfg = Release|Any CPU
		{6B45A1E8-0F54-4BF7-AF48-41B9FE676570}.Release|ARM.Build.0 = Release|Any CPU
		{6B45A1E8-0F54-4BF7-AF48-41B9FE676570}.Release|ARM64.ActiveCfg = Release|Any CPU
		{6B45A1E8-0F54-4BF7-AF48-41B9FE676570}.Release|ARM64.Build.0 = Release|Any CPU
		{6B45A1E8-0F54-4BF7-AF48-41B9FE676570}.Release|x64.ActiveCfg = Release|Any CPU
		{6B45A1E8-0F54-4BF7-AF48-41B9FE676570}.Release|x64.Build.0 = Release|Any CPU
		{6B45A1E8-0F54-4BF7-AF48-41B9FE676570}.Release|x86.ActiveCfg = Release|Any CPU
		{6B45A1E8-0F54-4BF7-AF48-41B9FE676570}.Release|x86.Build.0 = Release|Any CPU
		{6B45A1E8-0F54-4BF7-AF48-41B9FE676570}.Windows|Any CPU.ActiveCfg = Debug|Any CPU
		{6B45A1E8-0F54-4BF7-AF48-41B9FE676570}.Windows|Any CPU.Build.0 = Debug|Any CPU
		{6B45A1E8-0F54-4BF7-AF48-41B9FE676570}.Windows|ARM.ActiveCfg = Debug|Any CPU
		{6B45A1E8-0F54-4BF7-AF48-41B9FE676570}.Windows|ARM.Build.0 = Debug|Any CPU
		{6B45A1E8-0F54-4BF7-AF48-41B9FE676570}.Windows|ARM64.ActiveCfg = Debug|Any CPU
		{6B45A1E8-0F54-4BF7-AF48-41B9FE676570}.Windows|ARM64.Build.0 = Debug|Any CPU
		{6B45A1E8-0F54-4BF7-AF48-41B9FE676570}.Windows|x64.ActiveCfg = Debug|Any CPU
		{6B45A1E8-0F54-4BF7-AF48-41B9FE676570}.Windows|x64.Build.0 = Debug|Any CPU
		{6B45A1E8-0F54-4BF7-AF48-41B9FE676570}.Windows|x86.ActiveCfg = Debug|Any CPU
		{6B45A1E8-0F54-4BF7-AF48-41B9FE676570}.Windows|x86.Build.0 = Debug|Any CPU
	EndGlobalSection
	GlobalSection(SolutionProperties) = preSolution
		HideSolutionNode = FALSE
	EndGlobalSection
	GlobalSection(ExtensibilityGlobals) = postSolution
		SolutionGuid = {52075F5B-6A74-493C-BA53-3AD720D643C2}
	EndGlobalSection
EndGlobal
